
Microsoft Visual Studio Solution File, Format Version 11.00
# Visual Studio 2010
Project("{8BC9CEB8-8B4A-11D0-8D11-00A0C91BC942}") = "FirstAidKit", "FirstAidKit\FirstAidKit.vcxproj", "{18CD78BC-D328-481C-8B1C-90404874EBB6}"
EndProject
Project("{54435603-DBB4-11D2-8724-00A0C9A8B90C}") = "Deployment", "Deployment\Deployment.vdproj", "{112085ED-C609-452E-8E7A-2E79413DCFBB}"
EndProject
Global
	GlobalSection(SolutionConfigurationPlatforms) = preSolution
		Debug|Win32 = Debug|Win32
		Release|Win32 = Release|Win32
	EndGlobalSection
	GlobalSection(ProjectConfigurationPlatforms) = postSolution
		{18CD78BC-D328-481C-8B1C-90404874EBB6}.Debug|Win32.ActiveCfg = Debug|Win32
		{18CD78BC-D328-481C-8B1C-90404874EBB6}.Debug|Win32.Build.0 = Debug|Win32
		{18CD78BC-D328-481C-8B1C-90404874EBB6}.Release|Win32.ActiveCfg = Release|Win32
		{18CD78BC-D328-481C-8B1C-90404874EBB6}.Release|Win32.Build.0 = Release|Win32
		{112085ED-C609-452E-8E7A-2E79413DCFBB}.Debug|Win32.ActiveCfg = Debug
		{112085ED-C609-452E-8E7A-2E79413DCFBB}.Release|Win32.ActiveCfg = Release
	EndGlobalSection
	GlobalSection(SolutionProperties) = preSolution
		HideSolutionNode = FALSE
	EndGlobalSection
EndGlobal
