<?xml version="1.0" encoding="utf-8"?>
<Project ToolsVersion="4.0" xmlns="http://schemas.microsoft.com/developer/msbuild/2003">
  <ItemGroup>
    <Filter Include="Source Files">
      <UniqueIdentifier>{4FC737F1-C7A5-4376-A066-2A32D752A2FF}</UniqueIdentifier>
      <Extensions>cpp;c;cxx;def;odl;idl;hpj;bat;asm;asmx</Extensions>
    </Filter>
    <Filter Include="Header Files">
      <UniqueIdentifier>{93995380-89BD-4b04-88EB-625FBE52EBFB}</UniqueIdentifier>
      <Extensions>h;hpp;hxx;hm;inl;inc;xsd</Extensions>
    </Filter>
    <Filter Include="Resource Files">
      <UniqueIdentifier>{67DA6AB6-F800-4c08-8B7A-83BB121AAD01}</UniqueIdentifier>
      <Extensions>rc;ico;cur;bmp;dlg;rc2;rct;bin;rgs;gif;jpg;jpeg;jpe;resx</Extensions>
    </Filter>
    <Filter Include="Generated Files">
      <UniqueIdentifier>{6d4d50b2-1ff9-4980-a2c0-7d0644eddddb}</UniqueIdentifier>
      <SourceControlFiles>False</SourceControlFiles>
    </Filter>
    <Filter Include="Header Files\GrymCommon">
      <UniqueIdentifier>{b71ff950-ccb7-4846-b699-a739a313070d}</UniqueIdentifier>
    </Filter>
    <Filter Include="Source Files\GrymCommon">
      <UniqueIdentifier>{ebe82805-8f2d-4fb1-935a-5adb439de895}</UniqueIdentifier>
    </Filter>
  </ItemGroup>
  <ItemGroup>
    <ClCompile Include="PluginImpl.cpp">
      <Filter>Source Files</Filter>
    </ClCompile>
    <ClCompile Include="stdafx.cpp">
      <Filter>Source Files</Filter>
    </ClCompile>
    <ClCompile Include="DllMain.cpp">
      <Filter>Source Files</Filter>
    </ClCompile>
    <ClCompile Include="Wildcard.cpp">
      <Filter>Source Files</Filter>
    </ClCompile>
    <ClCompile Include="OrgDataRowFilter.cpp">
      <Filter>Source Files</Filter>
    </ClCompile>
    <ClCompile Include="OrgSearchControl.cpp">
      <Filter>Source Files</Filter>
    </ClCompile>
    <ClCompile Include="OrgDirectoryCustomController.cpp">
      <Filter>Source Files</Filter>
    </ClCompile>
    <ClCompile Include="Util.cpp">
      <Filter>Source Files</Filter>
    </ClCompile>
    <ClCompile Include="CmdExport.cpp">
      <Filter>Source Files</Filter>
    </ClCompile>
    <ClCompile Include="GrymApiBase.cpp">
      <Filter>Source Files\GrymCommon</Filter>
    </ClCompile>
    <ClCompile Include="DlgExport.cpp">
      <Filter>Source Files</Filter>
    </ClCompile>
    <ClCompile Include="PluginInfo.cpp">
      <Filter>Source Files\GrymCommon</Filter>
    </ClCompile>
  </ItemGroup>
  <ItemGroup>
    <None Include="FirstAidKit.dgxpi">
      <Filter>Resource Files</Filter>
    </None>
    <None Include="FirstAidKit.def">
      <Filter>Resource Files</Filter>
    </None>
    <None Include="res\export.png">
      <Filter>Resource Files</Filter>
    </None>
  </ItemGroup>
  <ItemGroup>
    <ClInclude Include="PluginImpl.h">
      <Filter>Header Files</Filter>
    </ClInclude>
    <ClInclude Include="Resource.h">
      <Filter>Header Files</Filter>
    </ClInclude>
    <ClInclude Include="stdafx.h">
      <Filter>Header Files</Filter>
    </ClInclude>
    <ClInclude Include="targetver.h">
      <Filter>Header Files</Filter>
    </ClInclude>
    <ClInclude Include="Wildcard.h">
      <Filter>Header Files</Filter>
    </ClInclude>
    <ClInclude Include="OrgDataRowFilter.h">
      <Filter>Header Files</Filter>
    </ClInclude>
    <ClInclude Include="OrgSearchControl.h">
      <Filter>Header Files</Filter>
    </ClInclude>
    <ClInclude Include="OrgDirectoryCustomController.h">
      <Filter>Header Files</Filter>
    </ClInclude>
    <ClInclude Include="Util.h">
      <Filter>Header Files</Filter>
    </ClInclude>
    <ClInclude Include="CmdExport.h">
      <Filter>Header Files</Filter>
    </ClInclude>
    <ClInclude Include="GrymApiBase.h">
      <Filter>Header Files\GrymCommon</Filter>
    </ClInclude>
    <ClInclude Include="DlgExport.h">
      <Filter>Header Files</Filter>
    </ClInclude>
    <ClInclude Include="PluginInfo.h">
      <Filter>Header Files\GrymCommon</Filter>
    </ClInclude>
  </ItemGroup>
  <ItemGroup>
    <ResourceCompile Include="FirstAidKit.rc">
      <Filter>Resource Files</Filter>
    </ResourceCompile>
  </ItemGroup>
</Project>